schema: '2.0'
stages:
  split:
    cmd: python src_dvc/split.py
    deps:
    - path: resources/data.txt
      md5: 073c3eb655831b05b1d6134210cde6f1
      size: 48
    - path: src_dvc/split.py
      md5: fe191cbaeb0380f01e9eb8c595730faa
      size: 562
    params:
      params.yaml:
        split:
          seed: 43
    outs:
    - path: resources/test.txt
      md5: e682acea495761f94f2c7f1ea8cac6c1
      size: 24
    - path: resources/train.txt
      md5: c0ee4d5d455ec8e0921984a10b8ccff0
      size: 24
  train:
    cmd: python src_dvc/train.py
    deps:
    - path: resources/train.txt
      md5: c0ee4d5d455ec8e0921984a10b8ccff0
      size: 24
    - path: src_dvc/train.py
      md5: 5a39daaafbc3f2f68b54190ca5af5371
      size: 912
    params:
      params.yaml:
        train:
          seed: 43
          positive_zero: true
    outs:
    - path: resources/model.txt
      md5: c18b5c091d8db79ce77145f623c4dede
      size: 8
  eval:
    cmd: python src_dvc/eval.py
    deps:
    - path: resources/model.txt
      md5: c18b5c091d8db79ce77145f623c4dede
      size: 8
    - path: resources/test.txt
      md5: e682acea495761f94f2c7f1ea8cac6c1
      size: 24
    - path: src_dvc/eval.py
      md5: edca7b472493fa94e5f0a1ee37d38013
      size: 945
    params:
      params.yaml:
        eval:
          seed: 43
    outs:
    - path: metrics.json
      md5: 75f6f1f0af153d0b448bab059cc7b982
      size: 67
