schema: '2.0'
stages:
  split:
    cmd: python src_dvc/split.py
    deps:
    - path: resources/data.txt
      md5: f5f23bc065a184d068ae92a99ca98813
      size: 44
    - path: src_dvc/split.py
      md5: fe191cbaeb0380f01e9eb8c595730faa
      size: 562
    params:
      params.yaml:
        split:
          seed: 43
    outs:
    - path: resources/test.txt
      md5: 032b49671dce79ef00b715eb818195f5
      size: 22
    - path: resources/train.txt
      md5: 16f246fc7b96c58e65eee156af7f4090
      size: 22
  train:
    cmd: python src_dvc/train.py
    deps:
    - path: resources/train.txt
      md5: 16f246fc7b96c58e65eee156af7f4090
      size: 22
    - path: src_dvc/train.py
      md5: 5a39daaafbc3f2f68b54190ca5af5371
      size: 912
    params:
      params.yaml:
        train:
          seed: 43
          positive_zero: true
    outs:
    - path: resources/model.txt
      md5: c18b5c091d8db79ce77145f623c4dede
      size: 8
  eval:
    cmd: python src_dvc/eval.py
    deps:
    - path: resources/model.txt
      md5: c18b5c091d8db79ce77145f623c4dede
      size: 8
    - path: resources/test.txt
      md5: 032b49671dce79ef00b715eb818195f5
      size: 22
    - path: src_dvc/eval.py
      md5: edca7b472493fa94e5f0a1ee37d38013
      size: 945
    params:
      params.yaml:
        eval:
          seed: 43
    outs:
    - path: metrics.json
      md5: 0acc2781d51332846b69b4b943548f93
      size: 51
